// !$*UTF8*$!
{
	archiveVersion = 1;
	classes = {
	};
	objectVersion = 46;
	objects = {

/* Begin PBXBuildFile section */
		7D92A6911CD930FA00A5D87A /* AppDelegate.swift in Sources */ = {isa = PBXBuildFile; fileRef = 7D92A6901CD930FA00A5D87A /* AppDelegate.swift */; };
		7D92A6931CD930FA00A5D87A /* ViewController.swift in Sources */ = {isa = PBXBuildFile; fileRef = 7D92A6921CD930FA00A5D87A /* ViewController.swift */; };
		7D92A6961CD930FA00A5D87A /* Main.storyboard in Resources */ = {isa = PBXBuildFile; fileRef = 7D92A6941CD930FA00A5D87A /* Main.storyboard */; };
		7D92A6981CD930FA00A5D87A /* Assets.xcassets in Resources */ = {isa = PBXBuildFile; fileRef = 7D92A6971CD930FA00A5D87A /* Assets.xcassets */; };
		7D92A69B1CD930FA00A5D87A /* LaunchScreen.storyboard in Resources */ = {isa = PBXBuildFile; fileRef = 7D92A6991CD930FA00A5D87A /* LaunchScreen.storyboard */; };
		7D92A6A61CD930FA00A5D87A /* TipCalculatorTests.swift in Sources */ = {isa = PBXBuildFile; fileRef = 7D92A6A51CD930FA00A5D87A /* TipCalculatorTests.swift */; };
		7D92A6B11CD930FA00A5D87A /* TipCalculatorUITests.swift in Sources */ = {isa = PBXBuildFile; fileRef = 7D92A6B01CD930FA00A5D87A /* TipCalculatorUITests.swift */; };
/* End PBXBuildFile section */

/* Begin PBXContainerItemProxy section */
		7D92A6A21CD930FA00A5D87A /* PBXContainerItemProxy */ = {
			isa = PBXContainerItemProxy;
			containerPortal = 7D92A6851CD930FA00A5D87A /* Project object */;
			proxyType = 1;
			remoteGlobalIDString = 7D92A68C1CD930FA00A5D87A;
			remoteInfo = TipCalculator;
		};
		7D92A6AD1CD930FA00A5D87A /* PBXContainerItemProxy */ = {
			isa = PBXContainerItemProxy;
			containerPortal = 7D92A6851CD930FA00A5D87A /* Project object */;
			proxyType = 1;
			remoteGlobalIDString = 7D92A68C1CD930FA00A5D87A;
			remoteInfo = TipCalculator;
		};
/* End PBXContainerItemProxy section */

/* Begin PBXFileReference section */
		7D92A68D1CD930FA00A5D87A /* TipCalculator.app */ = {isa = PBXFileReference; explicitFileType = wrapper.application; includeInIndex = 0; path = TipCalculator.app; sourceTree = BUILT_PRODUCTS_DIR; };
		7D92A6901CD930FA00A5D87A /* AppDelegate.swift */ = {isa = PBXFileReference; lastKnownFileType = sourcecode.swift; path = AppDelegate.swift; sourceTree = "<group>"; };
		7D92A6921CD930FA00A5D87A /* ViewController.swift */ = {isa = PBXFileReference; lastKnownFileType = sourcecode.swift; path = ViewController.swift; sourceTree = "<group>"; };
		7D92A6951CD930FA00A5D87A /* Base */ = {isa = PBXFileReference; lastKnownFileType = file.storyboard; name = Base; path = Base.lproj/Main.storyboard; sourceTree = "<group>"; };
		7D92A6971CD930FA00A5D87A /* Assets.xcassets */ = {isa = PBXFileReference; lastKnownFileType = folder.assetcatalog; path = Assets.xcassets; sourceTree = "<group>"; };
		7D92A69A1CD930FA00A5D87A /* Base */ = {isa = PBXFileReference; lastKnownFileType = file.storyboard; name = Base; path = Base.lproj/LaunchScreen.storyboard; sourceTree = "<group>"; };
		7D92A69C1CD930FA00A5D87A /* Info.plist */ = {isa = PBXFileReference; lastKnownFileType = text.plist.xml; path = Info.plist; sourceTree = "<group>"; };
		7D92A6A11CD930FA00A5D87A /* TipCalculatorTests.xctest */ = {isa = PBXFileReference; explicitFileType = wrapper.cfbundle; includeInIndex = 0; path = TipCalculatorTests.xctest; sourceTree = BUILT_PRODUCTS_DIR; };
		7D92A6A51CD930FA00A5D87A /* TipCalculatorTests.swift */ = {isa = PBXFileReference; lastKnownFileType = sourcecode.swift; path = TipCalculatorTests.swift; sourceTree = "<group>"; };
		7D92A6A71CD930FA00A5D87A /* Info.plist */ = {isa = PBXFileReference; lastKnownFileType = text.plist.xml; path = Info.plist; sourceTree = "<group>"; };
		7D92A6AC1CD930FA00A5D87A /* TipCalculatorUITests.xctest */ = {isa = PBXFileReference; explicitFileType = wrapper.cfbundle; includeInIndex = 0; path = TipCalculatorUITests.xctest; sourceTree = BUILT_PRODUCTS_DIR; };
		7D92A6B01CD930FA00A5D87A /* TipCalculatorUITests.swift */ = {isa = PBXFileReference; lastKnownFileType = sourcecode.swift; path = TipCalculatorUITests.swift; sourceTree = "<group>"; };
		7D92A6B21CD930FA00A5D87A /* Info.plist */ = {isa = PBXFileReference; lastKnownFileType = text.plist.xml; path = Info.plist; sourceTree = "<group>"; };
/* End PBXFileReference section */

/* Begin PBXFrameworksBuildPhase section */
		7D92A68A1CD930FA00A5D87A /* Frameworks */ = {
			isa = PBXFrameworksBuildPhase;
			buildActionMask = 2147483647;
			files = (
			);
			runOnlyForDeploymentPostprocessing = 0;
		};
		7D92A69E1CD930FA00A5D87A /* Frameworks */ = {
			isa = PBXFrameworksBuildPhase;
			buildActionMask = 2147483647;
			files = (
			);
			runOnlyForDeploymentPostprocessing = 0;
		};
		7D92A6A91CD930FA00A5D87A /* Frameworks */ = {
			isa = PBXFrameworksBuildPhase;
			buildActionMask = 2147483647;
			files = (
			);
			runOnlyForDeploymentPostprocessing = 0;
		};
/* End PBXFrameworksBuildPhase section */

/* Begin PBXGroup section */
		7D92A6841CD930FA00A5D87A = {
			isa = PBXGroup;
			children = (
				7D92A68F1CD930FA00A5D87A /* TipCalculator */,
				7D92A6A41CD930FA00A5D87A /* TipCalculatorTests */,
				7D92A6AF1CD930FA00A5D87A /* TipCalculatorUITests */,
				7D92A68E1CD930FA00A5D87A /* Products */,
			);
			sourceTree = "<group>";
		};
		7D92A68E1CD930FA00A5D87A /* Products */ = {
			isa = PBXGroup;
			children = (
				7D92A68D1CD930FA00A5D87A /* TipCalculator.app */,
				7D92A6A11CD930FA00A5D87A /* TipCalculatorTests.xctest */,
				7D92A6AC1CD930FA00A5D87A /* TipCalculatorUITests.xctest */,
			);
			name = Products;
			sourceTree = "<group>";
		};
		7D92A68F1CD930FA00A5D87A /* TipCalculator */ = {
			isa = PBXGroup;
			children = (
				7D92A6901CD930FA00A5D87A /* AppDelegate.swift */,
				7D92A6921CD930FA00A5D87A /* ViewController.swift */,
				7D92A6941CD930FA00A5D87A /* Main.storyboard */,
				7D92A6971CD930FA00A5D87A /* Assets.xcassets */,
				7D92A6991CD930FA00A5D87A /* LaunchScreen.storyboard */,
				7D92A69C1CD930FA00A5D87A /* Info.plist */,
			);
			path = TipCalculator;
			sourceTree = "<group>";
		};
		7D92A6A41CD930FA00A5D87A /* TipCalculatorTests */ = {
			isa = PBXGroup;
			children = (
				7D92A6A51CD930FA00A5D87A /* TipCalculatorTests.swift */,
				7D92A6A71CD930FA00A5D87A /* Info.plist */,
			);
			path = TipCalculatorTests;
			sourceTree = "<group>";
		};
		7D92A6AF1CD930FA00A5D87A /* TipCalculatorUITests */ = {
			isa = PBXGroup;
			children = (
				7D92A6B01CD930FA00A5D87A /* TipCalculatorUITests.swift */,
				7D92A6B21CD930FA00A5D87A /* Info.plist */,
			);
			path = TipCalculatorUITests;
			sourceTree = "<group>";
		};
/* End PBXGroup section */

/* Begin PBXNativeTarget section */
		7D92A68C1CD930FA00A5D87A /* TipCalculator */ = {
			isa = PBXNativeTarget;
			buildConfigurationList = 7D92A6B51CD930FA00A5D87A /* Build configuration list for PBXNativeTarget "TipCalculator" */;
			buildPhases = (
				7D92A6891CD930FA00A5D87A /* Sources */,
				7D92A68A1CD930FA00A5D87A /* Frameworks */,
				7D92A68B1CD930FA00A5D87A /* Resources */,
			);
			buildRules = (
			);
			dependencies = (
			);
			name = TipCalculator;
			productName = TipCalculator;
			productReference = 7D92A68D1CD930FA00A5D87A /* TipCalculator.app */;
			productType = "com.apple.product-type.application";
		};
		7D92A6A01CD930FA00A5D87A /* TipCalculatorTests */ = {
			isa = PBXNativeTarget;
			buildConfigurationList = 7D92A6B81CD930FA00A5D87A /* Build configuration list for PBXNativeTarget "TipCalculatorTests" */;
			buildPhases = (
				7D92A69D1CD930FA00A5D87A /* Sources */,
				7D92A69E1CD930FA00A5D87A /* Frameworks */,
				7D92A69F1CD930FA00A5D87A /* Resources */,
			);
			buildRules = (
			);
			dependencies = (
				7D92A6A31CD930FA00A5D87A /* PBXTargetDependency */,
			);
			name = TipCalculatorTests;
			productName = TipCalculatorTests;
			productReference = 7D92A6A11CD930FA00A5D87A /* TipCalculatorTests.xctest */;
			productType = "com.apple.product-type.bundle.unit-test";
		};
		7D92A6AB1CD930FA00A5D87A /* TipCalculatorUITests */ = {
			isa = PBXNativeTarget;
			buildConfigurationList = 7D92A6BB1CD930FA00A5D87A /* Build configuration list for PBXNativeTarget "TipCalculatorUITests" */;
			buildPhases = (
				7D92A6A81CD930FA00A5D87A /* Sources */,
				7D92A6A91CD930FA00A5D87A /* Frameworks */,
				7D92A6AA1CD930FA00A5D87A /* Resources */,
			);
			buildRules = (
			);
			dependencies = (
				7D92A6AE1CD930FA00A5D87A /* PBXTargetDependency */,
			);
			name = TipCalculatorUITests;
			productName = TipCalculatorUITests;
			productReference = 7D92A6AC1CD930FA00A5D87A /* TipCalculatorUITests.xctest */;
			productType = "com.apple.product-type.bundle.ui-testing";
		};
/* End PBXNativeTarget section */

/* Begin PBXProject section */
		7D92A6851CD930FA00A5D87A /* Project object */ = {
			isa = PBXProject;
			attributes = {
				LastSwiftUpdateCheck = 0730;
				LastUpgradeCheck = 0730;
				ORGANIZATIONNAME = "Victoria Gray";
				TargetAttributes = {
					7D92A68C1CD930FA00A5D87A = {
						CreatedOnToolsVersion = 7.3;
					};
					7D92A6A01CD930FA00A5D87A = {
						CreatedOnToolsVersion = 7.3;
						TestTargetID = 7D92A68C1CD930FA00A5D87A;
					};
					7D92A6AB1CD930FA00A5D87A = {
						CreatedOnToolsVersion = 7.3;
						TestTargetID = 7D92A68C1CD930FA00A5D87A;
					};
				};
			};
			buildConfigurationList = 7D92A6881CD930FA00A5D87A /* Build configuration list for PBXProject "TipCalculator" */;
			compatibilityVersion = "Xcode 3.2";
			developmentRegion = English;
			hasScannedForEncodings = 0;
			knownRegions = (
				en,
				Base,
			);
			mainGroup = 7D92A6841CD930FA00A5D87A;
			productRefGroup = 7D92A68E1CD930FA00A5D87A /* Products */;
			projectDirPath = "";
			projectRoot = "";
			targets = (
				7D92A68C1CD930FA00A5D87A /* TipCalculator */,
				7D92A6A01CD930FA00A5D87A /* TipCalculatorTests */,
				7D92A6AB1CD930FA00A5D87A /* TipCalculatorUITests */,
			);
		};
/* End PBXProject section */

/* Begin PBXResourcesBuildPhase section */
		7D92A68B1CD930FA00A5D87A /* Resources */ = {
			isa = PBXResourcesBuildPhase;
			buildActionMask = 2147483647;
			files = (
				7D92A69B1CD930FA00A5D87A /* LaunchScreen.storyboard in Resources */,
				7D92A6981CD930FA00A5D87A /* Assets.xcassets in Resources */,
				7D92A6961CD930FA00A5D87A /* Main.storyboard in Resources */,
			);
			runOnlyForDeploymentPostprocessing = 0;
		};
		7D92A69F1CD930FA00A5D87A /* Resources */ = {
			isa = PBXResourcesBuildPhase;
			buildActionMask = 2147483647;
			files = (
			);
			runOnlyForDeploymentPostprocessing = 0;
		};
		7D92A6AA1CD930FA00A5D87A /* Resources */ = {
			isa = PBXResourcesBuildPhase;
			buildActionMask = 2147483647;
			files = (
			);
			runOnlyForDeploymentPostprocessing = 0;
		};
/* End PBXResourcesBuildPhase section */

/* Begin PBXSourcesBuildPhase section */
		7D92A6891CD930FA00A5D87A /* Sources */ = {
			isa = PBXSourcesBuildPhase;
			buildActionMask = 2147483647;
			files = (
				7D92A6931CD930FA00A5D87A /* ViewController.swift in Sources */,
				7D92A6911CD930FA00A5D87A /* AppDelegate.swift in Sources */,
			);
			runOnlyForDeploymentPostprocessing = 0;
		};
		7D92A69D1CD930FA00A5D87A /* Sources */ = {
			isa = PBXSourcesBuildPhase;
			buildActionMask = 2147483647;
			files = (
				7D92A6A61CD930FA00A5D87A /* TipCalculatorTests.swift in Sources */,
			);
			runOnlyForDeploymentPostprocessing = 0;
		};
		7D92A6A81CD930FA00A5D87A /* Sources */ = {
			isa = PBXSourcesBuildPhase;
			buildActionMask = 2147483647;
			files = (
				7D92A6B11CD930FA00A5D87A /* TipCalculatorUITests.swift in Sources */,
			);
			runOnlyForDeploymentPostprocessing = 0;
		};
/* End PBXSourcesBuildPhase section */

/* Begin PBXTargetDependency section */
		7D92A6A31CD930FA00A5D87A /* PBXTargetDependency */ = {
			isa = PBXTargetDependency;
			target = 7D92A68C1CD930FA00A5D87A /* TipCalculator */;
			targetProxy = 7D92A6A21CD930FA00A5D87A /* PBXContainerItemProxy */;
		};
		7D92A6AE1CD930FA00A5D87A /* PBXTargetDependency */ = {
			isa = PBXTargetDependency;
			target = 7D92A68C1CD930FA00A5D87A /* TipCalculator */;
			targetProxy = 7D92A6AD1CD930FA00A5D87A /* PBXContainerItemProxy */;
		};
/* End PBXTargetDependency section */

/* Begin PBXVariantGroup section */
		7D92A6941CD930FA00A5D87A /* Main.storyboard */ = {
			isa = PBXVariantGroup;
			children = (
				7D92A6951CD930FA00A5D87A /* Base */,
			);
			name = Main.storyboard;
			sourceTree = "<group>";
		};
		7D92A6991CD930FA00A5D87A /* LaunchScreen.storyboard */ = {
			isa = PBXVariantGroup;
			children = (
				7D92A69A1CD930FA00A5D87A /* Base */,
			);
			name = LaunchScreen.storyboard;
			sourceTree = "<group>";
		};
/* End PBXVariantGroup section */

/* Begin XCBuildConfiguration section */
		7D92A6B31CD930FA00A5D87A /* Debug */ = {
			isa = XCBuildConfiguration;
			buildSettings = {
				ALWAYS_SEARCH_USER_PATHS = NO;
				CLANG_ANALYZER_NONNULL = YES;
				CLANG_CXX_LANGUAGE_STANDARD = "gnu++0x";
				CLANG_CXX_LIBRARY = "libc++";
				CLANG_ENABLE_MODULES = YES;
				CLANG_ENABLE_OBJC_ARC = YES;
				CLANG_WARN_BOOL_CONVERSION = YES;
				CLANG_WARN_CONSTANT_CONVERSION = YES;
				CLANG_WARN_DIRECT_OBJC_ISA_USAGE = YES_ERROR;
				CLANG_WARN_EMPTY_BODY = YES;
				CLANG_WARN_ENUM_CONVERSION = YES;
				CLANG_WARN_INT_CONVERSION = YES;
				CLANG_WARN_OBJC_ROOT_CLASS = YES_ERROR;
				CLANG_WARN_UNREACHABLE_CODE = YES;
				CLANG_WARN__DUPLICATE_METHOD_MATCH = YES;
				"CODE_SIGN_IDENTITY[sdk=iphoneos*]" = "iPhone Developer";
				COPY_PHASE_STRIP = NO;
				DEBUG_INFORMATION_FORMAT = dwarf;
				ENABLE_STRICT_OBJC_MSGSEND = YES;
				ENABLE_TESTABILITY = YES;
				GCC_C_LANGUAGE_STANDARD = gnu99;
				GCC_DYNAMIC_NO_PIC = NO;
				GCC_NO_COMMON_BLOCKS = YES;
				GCC_OPTIMIZATION_LEVEL = 0;
				GCC_PREPROCESSOR_DEFINITIONS = (
					"DEBUG=1",
					"$(inherited)",
				);
				GCC_WARN_64_TO_32_BIT_CONVERSION = YES;
				GCC_WARN_ABOUT_RETURN_TYPE = YES_ERROR;
				GCC_WARN_UNDECLARED_SELECTOR = YES;
				GCC_WARN_UNINITIALIZED_AUTOS = YES_AGGRESSIVE;
				GCC_WARN_UNUSED_FUNCTION = YES;
				GCC_WARN_UNUSED_VARIABLE = YES;
				IPHONEOS_DEPLOYMENT_TARGET = 9.3;
				MTL_ENABLE_DEBUG_INFO = YES;
				ONLY_ACTIVE_ARCH = YES;
				SDKROOT = iphoneos;
				SWIFT_OPTIMIZATION_LEVEL = "-Onone";
			};
			name = Debug;
		};
		7D92A6B41CD930FA00A5D87A /* Release */ = {
			isa = XCBuildConfiguration;
			buildSettings = {
				ALWAYS_SEARCH_USER_PATHS = NO;
				CLANG_ANALYZER_NONNULL = YES;
				CLANG_CXX_LANGUAGE_STANDARD = "gnu++0x";
				CLANG_CXX_LIBRARY = "libc++";
				CLANG_ENABLE_MODULES = YES;
				CLANG_ENABLE_OBJC_ARC = YES;
				CLANG_WARN_BOOL_CONVERSION = YES;
				CLANG_WARN_CONSTANT_CONVERSION = YES;
				CLANG_WARN_DIRECT_OBJC_ISA_USAGE = YES_ERROR;
				CLANG_WARN_EMPTY_BODY = YES;
				CLANG_WARN_ENUM_CONVERSION = YES;
				CLANG_WARN_INT_CONVERSION = YES;
				CLANG_WARN_OBJC_ROOT_CLASS = YES_ERROR;
				CLANG_WARN_UNREACHABLE_CODE = YES;
				CLANG_WARN__DUPLICATE_METHOD_MATCH = YES;
				"CODE_SIGN_IDENTITY[sdk=iphoneos*]" = "iPhone Developer";
				COPY_PHASE_STRIP = NO;
				DEBUG_INFORMATION_FORMAT = "dwarf-with-dsym";
				ENABLE_NS_ASSERTIONS = NO;
				ENABLE_STRICT_OBJC_MSGSEND = YES;
				GCC_C_LANGUAGE_STANDARD = gnu99;
				GCC_NO_COMMON_BLOCKS = YES;
				GCC_WARN_64_TO_32_BIT_CONVERSION = YES;
				GCC_WARN_ABOUT_RETURN_TYPE = YES_ERROR;
				GCC_WARN_UNDECLARED_SELECTOR = YES;
				GCC_WARN_UNINITIALIZED_AUTOS = YES_AGGRESSIVE;
				GCC_WARN_UNUSED_FUNCTION = YES;
				GCC_WARN_UNUSED_VARIABLE = YES;
				IPHONEOS_DEPLOYMENT_TARGET = 9.3;
				MTL_ENABLE_DEBUG_INFO = NO;
				SDKROOT = iphoneos;
				VALIDATE_PRODUCT = YES;
			};
			name = Release;
		};
		7D92A6B61CD930FA00A5D87A /* Debug */ = {
			isa = XCBuildConfiguration;
			buildSettings = {
				ASSETCATALOG_COMPILER_APPICON_NAME = AppIcon;
				INFOPLIST_FILE = TipCalculator/Info.plist;
				LD_RUNPATH_SEARCH_PATHS = "$(inherited) @executable_path/Frameworks";
				PRODUCT_BUNDLE_IDENTIFIER = "---.TipCalculator";
				PRODUCT_NAME = "$(TARGET_NAME)";
			};
			name = Debug;
		};
		7D92A6B71CD930FA00A5D87A /* Release */ = {
			isa = XCBuildConfiguration;
			buildSettings = {
				ASSETCATALOG_COMPILER_APPICON_NAME = AppIcon;
				INFOPLIST_FILE = TipCalculator/Info.plist;
				LD_RUNPATH_SEARCH_PATHS = "$(inherited) @executable_path/Frameworks";
				PRODUCT_BUNDLE_IDENTIFIER = "---.TipCalculator";
				PRODUCT_NAME = "$(TARGET_NAME)";
			};
			name = Release;
		};
		7D92A6B91CD930FA00A5D87A /* Debug */ = {
			isa = XCBuildConfiguration;
			buildSettings = {
				BUNDLE_LOADER = "$(TEST_HOST)";
				INFOPLIST_FILE = TipCalculatorTests/Info.plist;
				LD_RUNPATH_SEARCH_PATHS = "$(inherited) @executable_path/Frameworks @loader_path/Frameworks";
				PRODUCT_BUNDLE_IDENTIFIER = "---.TipCalculatorTests";
				PRODUCT_NAME = "$(TARGET_NAME)";
				TEST_HOST = "$(BUILT_PRODUCTS_DIR)/TipCalculator.app/TipCalculator";
			};
			name = Debug;
		};
		7D92A6BA1CD930FA00A5D87A /* Release */ = {
			isa = XCBuildConfiguration;
			buildSettings = {
				BUNDLE_LOADER = "$(TEST_HOST)";
				INFOPLIST_FILE = TipCalculatorTests/Info.plist;
				LD_RUNPATH_SEARCH_PATHS = "$(inherited) @executable_path/Frameworks @loader_path/Frameworks";
				PRODUCT_BUNDLE_IDENTIFIER = "---.TipCalculatorTests";
				PRODUCT_NAME = "$(TARGET_NAME)";
				TEST_HOST = "$(BUILT_PRODUCTS_DIR)/TipCalculator.app/TipCalculator";
			};
			name = Release;
		};
		7D92A6BC1CD930FA00A5D87A /* Debug */ = {
			isa = XCBuildConfiguration;
			buildSettings = {
				INFOPLIST_FILE = TipCalculatorUITests/Info.plist;
				LD_RUNPATH_SEARCH_PATHS = "$(inherited) @executable_path/Frameworks @loader_path/Frameworks";
				PRODUCT_BUNDLE_IDENTIFIER = "---.TipCalculatorUITests";
				PRODUCT_NAME = "$(TARGET_NAME)";
				TEST_TARGET_NAME = TipCalculator;
			};
			name = Debug;
		};
		7D92A6BD1CD930FA00A5D87A /* Release */ = {
			isa = XCBuildConfiguration;
			buildSettings = {
				INFOPLIST_FILE = TipCalculatorUITests/Info.plist;
				LD_RUNPATH_SEARCH_PATHS = "$(inherited) @executable_path/Frameworks @loader_path/Frameworks";
				PRODUCT_BUNDLE_IDENTIFIER = "---.TipCalculatorUITests";
				PRODUCT_NAME = "$(TARGET_NAME)";
				TEST_TARGET_NAME = TipCalculator;
			};
			name = Release;
		};
/* End XCBuildConfiguration section */

/* Begin XCConfigurationList section */
		7D92A6881CD930FA00A5D87A /* Build configuration list for PBXProject "TipCalculator" */ = {
			isa = XCConfigurationList;
			buildConfigurations = (
				7D92A6B31CD930FA00A5D87A /* Debug */,
				7D92A6B41CD930FA00A5D87A /* Release */,
			);
			defaultConfigurationIsVisible = 0;
			defaultConfigurationName = Release;
		};
		7D92A6B51CD930FA00A5D87A /* Build configuration list for PBXNativeTarget "TipCalculator" */ = {
			isa = XCConfigurationList;
			buildConfigurations = (
				7D92A6B61CD930FA00A5D87A /* Debug */,
				7D92A6B71CD930FA00A5D87A /* Release */,
			);
			defaultConfigurationIsVisible = 0;
		};
		7D92A6B81CD930FA00A5D87A /* Build configuration list for PBXNativeTarget "TipCalculatorTests" */ = {
			isa = XCConfigurationList;
			buildConfigurations = (
				7D92A6B91CD930FA00A5D87A /* Debug */,
				7D92A6BA1CD930FA00A5D87A /* Release */,
			);
			defaultConfigurationIsVisible = 0;
		};
		7D92A6BB1CD930FA00A5D87A /* Build configuration list for PBXNativeTarget "TipCalculatorUITests" */ = {
			isa = XCConfigurationList;
			buildConfigurations = (
				7D92A6BC1CD930FA00A5D87A /* Debug */,
				7D92A6BD1CD930FA00A5D87A /* Release */,
			);
			defaultConfigurationIsVisible = 0;
		};
/* End XCConfigurationList section */
	};
	rootObject = 7D92A6851CD930FA00A5D87A /* Project object */;
}
